
Microsoft Visual Studio Solution File, Format Version 12.00
# Visual Studio Version 17
VisualStudioVersion = 17.10.35122.118
MinimumVisualStudioVersion = 10.0.40219.1
Project("{FAE04EC0-301F-11D3-BF4B-00C04F79EFBC}") = "ElementUI.WPF", "ElementUI.WPF\ElementUI.WPF.csproj", "{ADB2BECB-EC70-4B9B-B82A-63592B15840C}"
EndProject
Project("{FAE04EC0-301F-11D3-BF4B-00C04F79EFBC}") = "ElementUI.WPF.App", "ElementUI.WPF.App\ElementUI.WPF.App.csproj", "{DB0B2A66-E2F5-4C4F-9E0B-98809FF136D2}"
EndProject
Global
	GlobalSection(SolutionConfigurationPlatforms) = preSolution
		Debug|Any CPU = Debug|Any CPU
		Release|Any CPU = Release|Any CPU
	EndGlobalSection
	GlobalSection(ProjectConfigurationPlatforms) = postSolution
		{ADB2BECB-EC70-4B9B-B82A-63592B15840C}.Debug|Any CPU.ActiveCfg = Debug|Any CPU
		{ADB2BECB-EC70-4B9B-B82A-63592B15840C}.Debug|Any CPU.Build.0 = Debug|Any CPU
		{ADB2BECB-EC70-4B9B-B82A-63592B15840C}.Release|Any CPU.ActiveCfg = Release|Any CPU
		{ADB2BECB-EC70-4B9B-B82A-63592B15840C}.Release|Any CPU.Build.0 = Release|Any CPU
		{DB0B2A66-E2F5-4C4F-9E0B-98809FF136D2}.Debug|Any CPU.ActiveCfg = Debug|Any CPU
		{DB0B2A66-E2F5-4C4F-9E0B-98809FF136D2}.Debug|Any CPU.Build.0 = Debug|Any CPU
		{DB0B2A66-E2F5-4C4F-9E0B-98809FF136D2}.Release|Any CPU.ActiveCfg = Release|Any CPU
		{DB0B2A66-E2F5-4C4F-9E0B-98809FF136D2}.Release|Any CPU.Build.0 = Release|Any CPU
	EndGlobalSection
	GlobalSection(SolutionProperties) = preSolution
		HideSolutionNode = FALSE
	EndGlobalSection
	GlobalSection(ExtensibilityGlobals) = postSolution
		SolutionGuid = {CC0F4A4A-D698-4B87-A613-0211674A2048}
	EndGlobalSection
EndGlobal
